{
  "nodes": {
    "easy-hosts": {
      "locked": {
        "lastModified": 1742736765,
        "narHash": "sha256-840idRti6HSFsTywPkku4ak8KtwiPw+XiFFRdaT4CWk=",
        "owner": "tgirlcloud",
        "repo": "easy-hosts",
        "rev": "7acbedf9c7e5ee1981647d0917dee3c8db52ccb5",
        "type": "github"
      },
      "original": {
        "owner": "tgirlcloud",
        "repo": "easy-hosts",
        "type": "github"
      }
    },
    "flake-parts": {
      "inputs": {
        "nixpkgs-lib": [
          "nixpkgs"
        ]
      },
      "locked": {
        "lastModified": 1741352980,
        "narHash": "sha256-+u2UunDA4Cl5Fci3m7S643HzKmIDAe+fiXrLqYsR2fs=",
        "owner": "hercules-ci",
        "repo": "flake-parts",
        "rev": "f4330d22f1c5d2ba72d3d22df5597d123fdb60a9",
        "type": "github"
      },
      "original": {
        "owner": "hercules-ci",
        "repo": "flake-parts",
        "type": "github"
      }
    },
    "nixpkgs": {
      "locked": {
        "lastModified": 1743472173,
        "narHash": "sha256-xwNv3FYTC5pl4QVZ79gUxqCEvqKzcKdXycpH5UbYscw=",
        "owner": "NixOS",
        "repo": "nixpkgs",
        "rev": "88e992074d86ad50249de12b7fb8dbaadf8dc0c5",
        "type": "github"
      },
      "original": {
        "owner": "NixOS",
        "ref": "nixpkgs-unstable",
        "repo": "nixpkgs",
        "type": "github"
      }
    },
    "root": {
      "inputs": {
        "easy-hosts": "easy-hosts",
        "flake-parts": "flake-parts",
        "nixpkgs": "nixpkgs"
      }
    }
  },
  "root": "root",
  "version": 7
}
